
Microsoft Visual Studio Solution File, Format Version 12.00
# Visual Studio Version 16
VisualStudioVersion = 16.0.30413.136
MinimumVisualStudioVersion = 10.0.40219.1
Project("{FAE04EC0-301F-11D3-BF4B-00C04F79EFBC}") = "ConsoleApp2", "ConsoleApp2\ConsoleApp2.csproj", "{8E8C3477-00F9-4051-A07A-9601540DF25C}"
EndProject
Global
	GlobalSection(SolutionConfigurationPlatforms) = preSolution
		Debug|Any CPU = Debug|Any CPU
		Release|Any CPU = Release|Any CPU
	EndGlobalSection
	GlobalSection(ProjectConfigurationPlatforms) = postSolution
		{8E8C3477-00F9-4051-A07A-9601540DF25C}.Debug|Any CPU.ActiveCfg = Debug|Any CPU
		{8E8C3477-00F9-4051-A07A-9601540DF25C}.Debug|Any CPU.Build.0 = Debug|Any CPU
		{8E8C3477-00F9-4051-A07A-9601540DF25C}.Release|Any CPU.ActiveCfg = Release|Any CPU
		{8E8C3477-00F9-4051-A07A-9601540DF25C}.Release|Any CPU.Build.0 = Release|Any CPU
	EndGlobalSection
	GlobalSection(SolutionProperties) = preSolution
		HideSolutionNode = FALSE
	EndGlobalSection
	GlobalSection(ExtensibilityGlobals) = postSolution
		SolutionGuid = {D887B4C4-8F87-4BD1-9D19-6AC5B369B7F5}
	EndGlobalSection
EndGlobal
